
Microsoft Visual Studio Solution File, Format Version 12.00
# Visual Studio Version 17
VisualStudioVersion = 17.0.31903.59
MinimumVisualStudioVersion = 10.0.40219.1
Project("{FAE04EC0-301F-11D3-BF4B-00C04F79EFBC}") = "RagCap.Core", "RagCap.Core\RagCap.Core.csproj", "{8C720469-4A8D-431B-8D58-29EB2E729BE5}"
EndProject
Project("{FAE04EC0-301F-11D3-BF4B-00C04F79EFBC}") = "RagCap.Server", "RagCap.Server\RagCap.Server.csproj", "{0359BE32-6BFD-4176-BDDF-7014D83883AE}"
EndProject
Project("{FAE04EC0-301F-11D3-BF4B-00C04F79EFBC}") = "RagCap.Export", "RagCap.Export\RagCap.Export.csproj", "{3A25A9BC-FC30-4A95-864F-B383D2435CB9}"
EndProject
Global
	GlobalSection(SolutionConfigurationPlatforms) = preSolution
		Debug|Any CPU = Debug|Any CPU
		Debug|x64 = Debug|x64
		Debug|x86 = Debug|x86
		Release|Any CPU = Release|Any CPU
		Release|x64 = Release|x64
		Release|x86 = Release|x86
	EndGlobalSection
	GlobalSection(ProjectConfigurationPlatforms) = postSolution
		{8C720469-4A8D-431B-8D58-29EB2E729BE5}.Debug|Any CPU.ActiveCfg = Debug|Any CPU
		{8C720469-4A8D-431B-8D58-29EB2E729BE5}.Debug|Any CPU.Build.0 = Debug|Any CPU
		{8C720469-4A8D-431B-8D58-29EB2E729BE5}.Debug|x64.ActiveCfg = Debug|Any CPU
		{8C720469-4A8D-431B-8D58-29EB2E729BE5}.Debug|x64.Build.0 = Debug|Any CPU
		{8C720469-4A8D-431B-8D58-29EB2E729BE5}.Debug|x86.ActiveCfg = Debug|Any CPU
		{8C720469-4A8D-431B-8D58-29EB2E729BE5}.Debug|x86.Build.0 = Debug|Any CPU
		{8C720469-4A8D-431B-8D58-29EB2E729BE5}.Release|Any CPU.ActiveCfg = Release|Any CPU
		{8C720469-4A8D-431B-8D58-29EB2E729BE5}.Release|Any CPU.Build.0 = Release|Any CPU
		{8C720469-4A8D-431B-8D58-29EB2E729BE5}.Release|x64.ActiveCfg = Release|Any CPU
		{8C720469-4A8D-431B-8D58-29EB2E729BE5}.Release|x64.Build.0 = Release|Any CPU
		{8C720469-4A8D-431B-8D58-29EB2E729BE5}.Release|x86.ActiveCfg = Release|Any CPU
		{8C720469-4A8D-431B-8D58-29EB2E729BE5}.Release|x86.Build.0 = Release|Any CPU
		{0359BE32-6BFD-4176-BDDF-7014D83883AE}.Debug|Any CPU.ActiveCfg = Debug|Any CPU
		{0359BE32-6BFD-4176-BDDF-7014D83883AE}.Debug|Any CPU.Build.0 = Debug|Any CPU
		{0359BE32-6BFD-4176-BDDF-7014D83883AE}.Debug|x64.ActiveCfg = Debug|Any CPU
		{0359BE32-6BFD-4176-BDDF-7014D83883AE}.Debug|x64.Build.0 = Debug|Any CPU
		{0359BE32-6BFD-4176-BDDF-7014D83883AE}.Debug|x86.ActiveCfg = Debug|Any CPU
		{0359BE32-6BFD-4176-BDDF-7014D83883AE}.Debug|x86.Build.0 = Debug|Any CPU
		{0359BE32-6BFD-4176-BDDF-7014D83883AE}.Release|Any CPU.ActiveCfg = Release|Any CPU
		{0359BE32-6BFD-4176-BDDF-7014D83883AE}.Release|Any CPU.Build.0 = Release|Any CPU
		{0359BE32-6BFD-4176-BDDF-7014D83883AE}.Release|x64.ActiveCfg = Release|Any CPU
		{0359BE32-6BFD-4176-BDDF-7014D83883AE}.Release|x64.Build.0 = Release|Any CPU
		{0359BE32-6BFD-4176-BDDF-7014D83883AE}.Release|x86.ActiveCfg = Release|Any CPU
		{0359BE32-6BFD-4176-BDDF-7014D83883AE}.Release|x86.Build.0 = Release|Any CPU
		{3A25A9BC-FC30-4A95-864F-B383D2435CB9}.Debug|Any CPU.ActiveCfg = Debug|Any CPU
		{3A25A9BC-FC30-4A95-864F-B383D2435CB9}.Debug|Any CPU.Build.0 = Debug|Any CPU
		{3A25A9BC-FC30-4A95-864F-B383D2435CB9}.Debug|x64.ActiveCfg = Debug|Any CPU
		{3A25A9BC-FC30-4A95-864F-B383D2435CB9}.Debug|x64.Build.0 = Debug|Any CPU
		{3A25A9BC-FC30-4A95-864F-B383D2435CB9}.Debug|x86.ActiveCfg = Debug|Any CPU
		{3A25A9BC-FC30-4A95-864F-B383D2435CB9}.Debug|x86.Build.0 = Debug|Any CPU
		{3A25A9BC-FC30-4A95-864F-B383D2435CB9}.Release|Any CPU.ActiveCfg = Release|Any CPU
		{3A25A9BC-FC30-4A95-864F-B383D2435CB9}.Release|Any CPU.Build.0 = Release|Any CPU
		{3A25A9BC-FC30-4A95-864F-B383D2435CB9}.Release|x64.ActiveCfg = Release|Any CPU
		{3A25A9BC-FC30-4A95-864F-B383D2435CB9}.Release|x64.Build.0 = Release|Any CPU
		{3A25A9BC-FC30-4A95-864F-B383D2435CB9}.Release|x86.ActiveCfg = Release|Any CPU
		{3A25A9BC-FC30-4A95-864F-B383D2435CB9}.Release|x86.Build.0 = Release|Any CPU
	EndGlobalSection
	GlobalSection(SolutionProperties) = preSolution
		HideSolutionNode = FALSE
	EndGlobalSection
EndGlobal
